
Microsoft Visual Studio Solution File, Format Version 12.00
# Visual Studio Version 17
VisualStudioVersion = 17.13.35825.156 d17.13
MinimumVisualStudioVersion = 10.0.40219.1
Project("{FAE04EC0-301F-11D3-BF4B-00C04F79EFBC}") = "SignalR_Notification", "SignalR_Notification\SignalR_Notification.csproj", "{704E1C60-C03A-4EB0-8AB4-D192DE82730D}"
EndProject
Global
	GlobalSection(SolutionConfigurationPlatforms) = preSolution
		Debug|Any CPU = Debug|Any CPU
		Release|Any CPU = Release|Any CPU
	EndGlobalSection
	GlobalSection(ProjectConfigurationPlatforms) = postSolution
		{704E1C60-C03A-4EB0-8AB4-D192DE82730D}.Debug|Any CPU.ActiveCfg = Debug|Any CPU
		{704E1C60-C03A-4EB0-8AB4-D192DE82730D}.Debug|Any CPU.Build.0 = Debug|Any CPU
		{704E1C60-C03A-4EB0-8AB4-D192DE82730D}.Release|Any CPU.ActiveCfg = Release|Any CPU
		{704E1C60-C03A-4EB0-8AB4-D192DE82730D}.Release|Any CPU.Build.0 = Release|Any CPU
	EndGlobalSection
	GlobalSection(SolutionProperties) = preSolution
		HideSolutionNode = FALSE
	EndGlobalSection
	GlobalSection(ExtensibilityGlobals) = postSolution
		SolutionGuid = {46BD0405-7C6A-4E47-BF0B-5F27A1D768BB}
	EndGlobalSection
EndGlobal
